
Microsoft Visual Studio Solution File, Format Version 12.00
# Visual Studio Version 16
VisualStudioVersion = 16.0.30717.126
MinimumVisualStudioVersion = 10.0.40219.1
Project("{FAE04EC0-301F-11D3-BF4B-00C04F79EFBC}") = "TestReadLine", "TestReadLine\TestReadLine.csproj", "{90F0EEF0-BBBD-4F9B-832A-9FF794F09277}"
EndProject
Global
	GlobalSection(SolutionConfigurationPlatforms) = preSolution
		Debug|Any CPU = Debug|Any CPU
		Release|Any CPU = Release|Any CPU
	EndGlobalSection
	GlobalSection(ProjectConfigurationPlatforms) = postSolution
		{90F0EEF0-BBBD-4F9B-832A-9FF794F09277}.Debug|Any CPU.ActiveCfg = Debug|Any CPU
		{90F0EEF0-BBBD-4F9B-832A-9FF794F09277}.Debug|Any CPU.Build.0 = Debug|Any CPU
		{90F0EEF0-BBBD-4F9B-832A-9FF794F09277}.Release|Any CPU.ActiveCfg = Release|Any CPU
		{90F0EEF0-BBBD-4F9B-832A-9FF794F09277}.Release|Any CPU.Build.0 = Release|Any CPU
	EndGlobalSection
	GlobalSection(SolutionProperties) = preSolution
		HideSolutionNode = FALSE
	EndGlobalSection
	GlobalSection(ExtensibilityGlobals) = postSolution
		SolutionGuid = {748A46EF-BDF0-4D68-9DFF-34546C8C3B14}
	EndGlobalSection
EndGlobal
